
Microsoft Visual Studio Solution File, Format Version 12.00
# Visual Studio 15
VisualStudioVersion = 15.0.28307.421
MinimumVisualStudioVersion = 10.0.40219.1
Project("{F184B08F-C81C-45F6-A57F-5ABD9991F28F}") = "SISTEM PEMBAYARAN PAM AIR BERSIH", "SISTEM PEMBAYARAN PAM AIR BERSIH\SISTEM PEMBAYARAN PAM AIR BERSIH.vbproj", "{5B70E3A4-42CA-41D3-ACF5-BC53B2739C50}"
EndProject
Global
	GlobalSection(SolutionConfigurationPlatforms) = preSolution
		Debug|Any CPU = Debug|Any CPU
		Release|Any CPU = Release|Any CPU
	EndGlobalSection
	GlobalSection(ProjectConfigurationPlatforms) = postSolution
		{5B70E3A4-42CA-41D3-ACF5-BC53B2739C50}.Debug|Any CPU.ActiveCfg = Debug|Any CPU
		{5B70E3A4-42CA-41D3-ACF5-BC53B2739C50}.Debug|Any CPU.Build.0 = Debug|Any CPU
		{5B70E3A4-42CA-41D3-ACF5-BC53B2739C50}.Release|Any CPU.ActiveCfg = Release|Any CPU
		{5B70E3A4-42CA-41D3-ACF5-BC53B2739C50}.Release|Any CPU.Build.0 = Release|Any CPU
	EndGlobalSection
	GlobalSection(SolutionProperties) = preSolution
		HideSolutionNode = FALSE
	EndGlobalSection
	GlobalSection(ExtensibilityGlobals) = postSolution
		SolutionGuid = {06CEA71B-1952-48F2-86ED-7F7A681F2FC4}
	EndGlobalSection
EndGlobal
